
Microsoft Visual Studio Solution File, Format Version 12.00
# Visual Studio 15
VisualStudioVersion = 15.0.28307.705
MinimumVisualStudioVersion = 10.0.40219.1
Project("{FAE04EC0-301F-11D3-BF4B-00C04F79EFBC}") = "DapCare", "DapCare\DapCare.csproj", "{D32411D3-92A6-47C7-AF41-FB2951565AA5}"
EndProject
Global
	GlobalSection(SolutionConfigurationPlatforms) = preSolution
		Debug|Any CPU = Debug|Any CPU
		Release|Any CPU = Release|Any CPU
	EndGlobalSection
	GlobalSection(ProjectConfigurationPlatforms) = postSolution
		{D32411D3-92A6-47C7-AF41-FB2951565AA5}.Debug|Any CPU.ActiveCfg = Debug|Any CPU
		{D32411D3-92A6-47C7-AF41-FB2951565AA5}.Debug|Any CPU.Build.0 = Debug|Any CPU
		{D32411D3-92A6-47C7-AF41-FB2951565AA5}.Release|Any CPU.ActiveCfg = Debug|Any CPU
		{D32411D3-92A6-47C7-AF41-FB2951565AA5}.Release|Any CPU.Build.0 = Debug|Any CPU
	EndGlobalSection
	GlobalSection(SolutionProperties) = preSolution
		HideSolutionNode = FALSE
	EndGlobalSection
	GlobalSection(ExtensibilityGlobals) = postSolution
		SolutionGuid = {667FAED0-19BC-4295-8AEA-BE2A4A4D184B}
	EndGlobalSection
EndGlobal
